
Microsoft Visual Studio Solution File, Format Version 12.00
# Visual Studio Version 17
VisualStudioVersion = 17.0.31903.59
MinimumVisualStudioVersion = 10.0.40219.1
Project("{2150E333-8FDC-42A3-9474-1A3956D46DE8}") = "Src", "Src", "{827E0CD3-B72D-47B6-A68D-7590B98EB39B}"
EndProject
Project("{FAE04EC0-301F-11D3-BF4B-00C04F79EFBC}") = "Async.Locks", "Src\Async.Locks.csproj", "{B89CFBD0-F79A-4E52-B070-547F114C63FC}"
EndProject
Project("{FAE04EC0-301F-11D3-BF4B-00C04F79EFBC}") = "Async.Locks.Tests", "Tests\Async.Locks.Tests.csproj", "{8ED1283A-7810-4811-B016-ECDFA64C6121}"
EndProject
Project("{2150E333-8FDC-42A3-9474-1A3956D46DE8}") = "Benchmarks", "Benchmarks", "{66320409-64EC-F7C5-3DEF-65E7510DAAD1}"
EndProject
Project("{FAE04EC0-301F-11D3-BF4B-00C04F79EFBC}") = "Async.Locks.Benchmarks", "Benchmarks\Async.Locks.Benchmarks.csproj", "{65AE310F-362C-45DF-9CC2-848E0041DE9D}"
EndProject
Global
	GlobalSection(SolutionConfigurationPlatforms) = preSolution
		Debug|Any CPU = Debug|Any CPU
		Debug|x64 = Debug|x64
		Debug|x86 = Debug|x86
		Prototype|Any CPU = Prototype|Any CPU
		Prototype|x64 = Prototype|x64
		Prototype|x86 = Prototype|x86
		Release|Any CPU = Release|Any CPU
		Release|x64 = Release|x64
		Release|x86 = Release|x86
	EndGlobalSection
	GlobalSection(ProjectConfigurationPlatforms) = postSolution
		{B89CFBD0-F79A-4E52-B070-547F114C63FC}.Debug|Any CPU.ActiveCfg = Debug|Any CPU
		{B89CFBD0-F79A-4E52-B070-547F114C63FC}.Debug|Any CPU.Build.0 = Debug|Any CPU
		{B89CFBD0-F79A-4E52-B070-547F114C63FC}.Debug|x64.ActiveCfg = Debug|Any CPU
		{B89CFBD0-F79A-4E52-B070-547F114C63FC}.Debug|x64.Build.0 = Debug|Any CPU
		{B89CFBD0-F79A-4E52-B070-547F114C63FC}.Debug|x86.ActiveCfg = Debug|Any CPU
		{B89CFBD0-F79A-4E52-B070-547F114C63FC}.Debug|x86.Build.0 = Debug|Any CPU
		{B89CFBD0-F79A-4E52-B070-547F114C63FC}.Prototype|Any CPU.ActiveCfg = Prototype|Any CPU
		{B89CFBD0-F79A-4E52-B070-547F114C63FC}.Prototype|Any CPU.Build.0 = Prototype|Any CPU
		{B89CFBD0-F79A-4E52-B070-547F114C63FC}.Prototype|x64.ActiveCfg = Prototype|Any CPU
		{B89CFBD0-F79A-4E52-B070-547F114C63FC}.Prototype|x64.Build.0 = Prototype|Any CPU
		{B89CFBD0-F79A-4E52-B070-547F114C63FC}.Prototype|x86.ActiveCfg = Prototype|Any CPU
		{B89CFBD0-F79A-4E52-B070-547F114C63FC}.Prototype|x86.Build.0 = Prototype|Any CPU
		{B89CFBD0-F79A-4E52-B070-547F114C63FC}.Release|Any CPU.ActiveCfg = Release|Any CPU
		{B89CFBD0-F79A-4E52-B070-547F114C63FC}.Release|Any CPU.Build.0 = Release|Any CPU
		{B89CFBD0-F79A-4E52-B070-547F114C63FC}.Release|x64.ActiveCfg = Release|Any CPU
		{B89CFBD0-F79A-4E52-B070-547F114C63FC}.Release|x64.Build.0 = Release|Any CPU
		{B89CFBD0-F79A-4E52-B070-547F114C63FC}.Release|x86.ActiveCfg = Release|Any CPU
		{B89CFBD0-F79A-4E52-B070-547F114C63FC}.Release|x86.Build.0 = Release|Any CPU
		{8ED1283A-7810-4811-B016-ECDFA64C6121}.Debug|Any CPU.ActiveCfg = Debug|Any CPU
		{8ED1283A-7810-4811-B016-ECDFA64C6121}.Debug|Any CPU.Build.0 = Debug|Any CPU
		{8ED1283A-7810-4811-B016-ECDFA64C6121}.Debug|x64.ActiveCfg = Debug|Any CPU
		{8ED1283A-7810-4811-B016-ECDFA64C6121}.Debug|x64.Build.0 = Debug|Any CPU
		{8ED1283A-7810-4811-B016-ECDFA64C6121}.Debug|x86.ActiveCfg = Debug|Any CPU
		{8ED1283A-7810-4811-B016-ECDFA64C6121}.Debug|x86.Build.0 = Debug|Any CPU
		{8ED1283A-7810-4811-B016-ECDFA64C6121}.Prototype|Any CPU.ActiveCfg = Prototype|Any CPU
		{8ED1283A-7810-4811-B016-ECDFA64C6121}.Prototype|Any CPU.Build.0 = Prototype|Any CPU
		{8ED1283A-7810-4811-B016-ECDFA64C6121}.Prototype|x64.ActiveCfg = Prototype|Any CPU
		{8ED1283A-7810-4811-B016-ECDFA64C6121}.Prototype|x64.Build.0 = Prototype|Any CPU
		{8ED1283A-7810-4811-B016-ECDFA64C6121}.Prototype|x86.ActiveCfg = Prototype|Any CPU
		{8ED1283A-7810-4811-B016-ECDFA64C6121}.Prototype|x86.Build.0 = Prototype|Any CPU
		{8ED1283A-7810-4811-B016-ECDFA64C6121}.Release|Any CPU.ActiveCfg = Release|Any CPU
		{8ED1283A-7810-4811-B016-ECDFA64C6121}.Release|Any CPU.Build.0 = Release|Any CPU
		{8ED1283A-7810-4811-B016-ECDFA64C6121}.Release|x64.ActiveCfg = Release|Any CPU
		{8ED1283A-7810-4811-B016-ECDFA64C6121}.Release|x64.Build.0 = Release|Any CPU
		{8ED1283A-7810-4811-B016-ECDFA64C6121}.Release|x86.ActiveCfg = Release|Any CPU
		{8ED1283A-7810-4811-B016-ECDFA64C6121}.Release|x86.Build.0 = Release|Any CPU
		{65AE310F-362C-45DF-9CC2-848E0041DE9D}.Debug|Any CPU.ActiveCfg = Debug|Any CPU
		{65AE310F-362C-45DF-9CC2-848E0041DE9D}.Debug|Any CPU.Build.0 = Debug|Any CPU
		{65AE310F-362C-45DF-9CC2-848E0041DE9D}.Debug|x64.ActiveCfg = Debug|Any CPU
		{65AE310F-362C-45DF-9CC2-848E0041DE9D}.Debug|x64.Build.0 = Debug|Any CPU
		{65AE310F-362C-45DF-9CC2-848E0041DE9D}.Debug|x86.ActiveCfg = Debug|Any CPU
		{65AE310F-362C-45DF-9CC2-848E0041DE9D}.Debug|x86.Build.0 = Debug|Any CPU
		{65AE310F-362C-45DF-9CC2-848E0041DE9D}.Prototype|Any CPU.ActiveCfg = Debug|Any CPU
		{65AE310F-362C-45DF-9CC2-848E0041DE9D}.Prototype|Any CPU.Build.0 = Debug|Any CPU
		{65AE310F-362C-45DF-9CC2-848E0041DE9D}.Prototype|x64.ActiveCfg = Debug|Any CPU
		{65AE310F-362C-45DF-9CC2-848E0041DE9D}.Prototype|x64.Build.0 = Debug|Any CPU
		{65AE310F-362C-45DF-9CC2-848E0041DE9D}.Prototype|x86.ActiveCfg = Debug|Any CPU
		{65AE310F-362C-45DF-9CC2-848E0041DE9D}.Prototype|x86.Build.0 = Debug|Any CPU
		{65AE310F-362C-45DF-9CC2-848E0041DE9D}.Release|Any CPU.ActiveCfg = Release|Any CPU
		{65AE310F-362C-45DF-9CC2-848E0041DE9D}.Release|Any CPU.Build.0 = Release|Any CPU
		{65AE310F-362C-45DF-9CC2-848E0041DE9D}.Release|x64.ActiveCfg = Release|Any CPU
		{65AE310F-362C-45DF-9CC2-848E0041DE9D}.Release|x64.Build.0 = Release|Any CPU
		{65AE310F-362C-45DF-9CC2-848E0041DE9D}.Release|x86.ActiveCfg = Release|Any CPU
		{65AE310F-362C-45DF-9CC2-848E0041DE9D}.Release|x86.Build.0 = Release|Any CPU
	EndGlobalSection
	GlobalSection(SolutionProperties) = preSolution
		HideSolutionNode = FALSE
	EndGlobalSection
	GlobalSection(NestedProjects) = preSolution
		{B89CFBD0-F79A-4E52-B070-547F114C63FC} = {827E0CD3-B72D-47B6-A68D-7590B98EB39B}
		{8ED1283A-7810-4811-B016-ECDFA64C6121} = {827E0CD3-B72D-47B6-A68D-7590B98EB39B}
		{65AE310F-362C-45DF-9CC2-848E0041DE9D} = {66320409-64EC-F7C5-3DEF-65E7510DAAD1}
	EndGlobalSection
EndGlobal
